PODS:
  - ARCL (1.3.0)
  - GoogleMaps (4.2.0):
    - GoogleMaps/Maps (= 4.2.0)
  - GoogleMaps/Base (4.2.0)
  - GoogleMaps/Maps (4.2.0):
    - GoogleMaps/Base
  - GooglePlaces (4.2.0):
    - GoogleMaps/Base (= 4.2.0)

DEPENDENCIES:
  - ARCL
  - GoogleMaps
  - GooglePlaces

SPEC REPOS:
  trunk:
    - ARCL
    - GoogleMaps
    - GooglePlaces

SPEC CHECKSUMS:
  ARCL: db48b6927d6f3f49f29568295ed91c94ab8d4aab
  GoogleMaps: eb03e327edfd70b06de1e6e321653f73712df7ad
  GooglePlaces: 196a9dd88580dcb3f3df46f415057703d0d2a310

PODFILE CHECKSUM: 16bafd7685a8fef5b30e52f4ffe708aed9e04a73

COCOAPODS: 1.10.1
