// !$*UTF8*$!
{
	archiveVersion = 1;
	classes = {
	};
	objectVersion = 51;
	objects = {

/* Begin PBXBuildFile section */
		1E1FB05826186E670076B9F2 /* Location.swift in Sources */ = {isa = PBXBuildFile; fileRef = 1E1FB05726186E670076B9F2 /* Location.swift */; };
		1E6E7F49261A3D82002C13C9 /* CardView.swift in Sources */ = {isa = PBXBuildFile; fileRef = 1E6E7F48261A3D82002C13C9 /* CardView.swift */; };
		1E7DA5E526141D42005F7730 /* NationalNumberApp.swift in Sources */ = {isa = PBXBuildFile; fileRef = 1E7DA5E426141D42005F7730 /* NationalNumberApp.swift */; };
		1E7DA5E726141D42005F7730 /* ContentView.swift in Sources */ = {isa = PBXBuildFile; fileRef = 1E7DA5E626141D42005F7730 /* ContentView.swift */; };
		1E7DA5E926141D42005F7730 /* Assets.xcassets in Resources */ = {isa = PBXBuildFile; fileRef = 1E7DA5E826141D42005F7730 /* Assets.xcassets */; };
		1E7DA5EC26141D42005F7730 /* Preview Assets.xcassets in Resources */ = {isa = PBXBuildFile; fileRef = 1E7DA5EB26141D42005F7730 /* Preview Assets.xcassets */; };
		1E7DA5F726141D42005F7730 /* NationalNumberTests.swift in Sources */ = {isa = PBXBuildFile; fileRef = 1E7DA5F626141D42005F7730 /* NationalNumberTests.swift */; };
		1E7DA60226141D42005F7730 /* NationalNumberUITests.swift in Sources */ = {isa = PBXBuildFile; fileRef = 1E7DA60126141D42005F7730 /* NationalNumberUITests.swift */; };
		1E7DA613261432A5005F7730 /* TabBarIcon.swift in Sources */ = {isa = PBXBuildFile; fileRef = 1E7DA612261432A5005F7730 /* TabBarIcon.swift */; };
		1E7DA61826143650005F7730 /* ViewRouter.swift in Sources */ = {isa = PBXBuildFile; fileRef = 1E7DA61726143650005F7730 /* ViewRouter.swift */; };
		1E7DA61D26180743005F7730 /* FirstAid.swift in Sources */ = {isa = PBXBuildFile; fileRef = 1E7DA61C26180743005F7730 /* FirstAid.swift */; };
		1E7DA62226180D29005F7730 /* WebView.swift in Sources */ = {isa = PBXBuildFile; fileRef = 1E7DA62126180D29005F7730 /* WebView.swift */; };
		1EA85E482637FDA100E28A2F /* SearchBar.swift in Sources */ = {isa = PBXBuildFile; fileRef = 1EA85E472637FDA100E28A2F /* SearchBar.swift */; };
		1EB43B91261A1AAF0002A0CF /* GoogleMapView.swift in Sources */ = {isa = PBXBuildFile; fileRef = 1EB43B90261A1AAF0002A0CF /* GoogleMapView.swift */; };
/* End PBXBuildFile section */

/* Begin PBXContainerItemProxy section */
		1E7DA5F326141D42005F7730 /* PBXContainerItemProxy */ = {
			isa = PBXContainerItemProxy;
			containerPortal = 1E7DA5D926141D42005F7730 /* Project object */;
			proxyType = 1;
			remoteGlobalIDString = 1E7DA5E026141D42005F7730;
			remoteInfo = NationalNumber;
		};
		1E7DA5FE26141D42005F7730 /* PBXContainerItemProxy */ = {
			isa = PBXContainerItemProxy;
			containerPortal = 1E7DA5D926141D42005F7730 /* Project object */;
			proxyType = 1;
			remoteGlobalIDString = 1E7DA5E026141D42005F7730;
			remoteInfo = NationalNumber;
		};
/* End PBXContainerItemProxy section */

/* Begin PBXFileReference section */
		1E0E34E038D57FD514998D42 /* Pods-NationalNumberTests.release.xcconfig */ = {isa = PBXFileReference; includeInIndex = 1; lastKnownFileType = text.xcconfig; name = "Pods-NationalNumberTests.release.xcconfig"; path = "Target Support Files/Pods-NationalNumberTests/Pods-NationalNumberTests.release.xcconfig"; sourceTree = "<group>"; };
		1E1FB05726186E670076B9F2 /* Location.swift */ = {isa = PBXFileReference; lastKnownFileType = sourcecode.swift; path = Location.swift; sourceTree = "<group>"; };
		1E6E7F48261A3D82002C13C9 /* CardView.swift */ = {isa = PBXFileReference; lastKnownFileType = sourcecode.swift; path = CardView.swift; sourceTree = "<group>"; };
		1E7DA5E126141D42005F7730 /* NationalNumber.app */ = {isa = PBXFileReference; explicitFileType = wrapper.application; includeInIndex = 0; path = NationalNumber.app; sourceTree = BUILT_PRODUCTS_DIR; };
		1E7DA5E426141D42005F7730 /* NationalNumberApp.swift */ = {isa = PBXFileReference; lastKnownFileType = sourcecode.swift; path = NationalNumberApp.swift; sourceTree = "<group>"; };
		1E7DA5E626141D42005F7730 /* ContentView.swift */ = {isa = PBXFileReference; lastKnownFileType = sourcecode.swift; path = ContentView.swift; sourceTree = "<group>"; };
		1E7DA5E826141D42005F7730 /* Assets.xcassets */ = {isa = PBXFileReference; lastKnownFileType = folder.assetcatalog; path = Assets.xcassets; sourceTree = "<group>"; };
		1E7DA5EB26141D42005F7730 /* Preview Assets.xcassets */ = {isa = PBXFileReference; lastKnownFileType = folder.assetcatalog; path = "Preview Assets.xcassets"; sourceTree = "<group>"; };
		1E7DA5ED26141D42005F7730 /* Info.plist */ = {isa = PBXFileReference; lastKnownFileType = text.plist.xml; path = Info.plist; sourceTree = "<group>"; };
		1E7DA5F226141D42005F7730 /* NationalNumberTests.xctest */ = {isa = PBXFileReference; explicitFileType = wrapper.cfbundle; includeInIndex = 0; path = NationalNumberTests.xctest; sourceTree = BUILT_PRODUCTS_DIR; };
		1E7DA5F626141D42005F7730 /* NationalNumberTests.swift */ = {isa = PBXFileReference; lastKnownFileType = sourcecode.swift; path = NationalNumberTests.swift; sourceTree = "<group>"; };
		1E7DA5F826141D42005F7730 /* Info.plist */ = {isa = PBXFileReference; lastKnownFileType = text.plist.xml; path = Info.plist; sourceTree = "<group>"; };
		1E7DA5FD26141D42005F7730 /* NationalNumberUITests.xctest */ = {isa = PBXFileReference; explicitFileType = wrapper.cfbundle; includeInIndex = 0; path = NationalNumberUITests.xctest; sourceTree = BUILT_PRODUCTS_DIR; };
		1E7DA60126141D42005F7730 /* NationalNumberUITests.swift */ = {isa = PBXFileReference; lastKnownFileType = sourcecode.swift; path = NationalNumberUITests.swift; sourceTree = "<group>"; };
		1E7DA60326141D42005F7730 /* Info.plist */ = {isa = PBXFileReference; lastKnownFileType = text.plist.xml; path = Info.plist; sourceTree = "<group>"; };
		1E7DA612261432A5005F7730 /* TabBarIcon.swift */ = {isa = PBXFileReference; lastKnownFileType = sourcecode.swift; path = TabBarIcon.swift; sourceTree = "<group>"; };
		1E7DA61726143650005F7730 /* ViewRouter.swift */ = {isa = PBXFileReference; lastKnownFileType = sourcecode.swift; path = ViewRouter.swift; sourceTree = "<group>"; };
		1E7DA61C26180743005F7730 /* FirstAid.swift */ = {isa = PBXFileReference; lastKnownFileType = sourcecode.swift; path = FirstAid.swift; sourceTree = "<group>"; };
		1E7DA62126180D29005F7730 /* WebView.swift */ = {isa = PBXFileReference; lastKnownFileType = sourcecode.swift; path = WebView.swift; sourceTree = "<group>"; };
		1EA85E472637FDA100E28A2F /* SearchBar.swift */ = {isa = PBXFileReference; lastKnownFileType = sourcecode.swift; path = SearchBar.swift; sourceTree = "<group>"; };
		1EB43B90261A1AAF0002A0CF /* GoogleMapView.swift */ = {isa = PBXFileReference; lastKnownFileType = sourcecode.swift; path = GoogleMapView.swift; sourceTree = "<group>"; };
		3F7145B89A0A37AF7C7864F2 /* Pods-NationalNumber.debug.xcconfig */ = {isa = PBXFileReference; includeInIndex = 1; lastKnownFileType = text.xcconfig; name = "Pods-NationalNumber.debug.xcconfig"; path = "Target Support Files/Pods-NationalNumber/Pods-NationalNumber.debug.xcconfig"; sourceTree = "<group>"; };
		70AB0E531D7967F114A5C61C /* Pods-NationalNumberTests.debug.xcconfig */ = {isa = PBXFileReference; includeInIndex = 1; lastKnownFileType = text.xcconfig; name = "Pods-NationalNumberTests.debug.xcconfig"; path = "Target Support Files/Pods-NationalNumberTests/Pods-NationalNumberTests.debug.xcconfig"; sourceTree = "<group>"; };
		7EEA6C421066458B3B030B38 /* Pods-NationalNumber-NationalNumberUITests.release.xcconfig */ = {isa = PBXFileReference; includeInIndex = 1; lastKnownFileType = text.xcconfig; name = "Pods-NationalNumber-NationalNumberUITests.release.xcconfig"; path = "Target Support Files/Pods-NationalNumber-NationalNumberUITests/Pods-NationalNumber-NationalNumberUITests.release.xcconfig"; sourceTree = "<group>"; };
		8266EB27C6272234D63DBE5F /* Pods-NationalNumber.release.xcconfig */ = {isa = PBXFileReference; includeInIndex = 1; lastKnownFileType = text.xcconfig; name = "Pods-NationalNumber.release.xcconfig"; path = "Target Support Files/Pods-NationalNumber/Pods-NationalNumber.release.xcconfig"; sourceTree = "<group>"; };
		9316515E53352C2F1294F070 /* Pods-NationalNumber-NationalNumberUITests.debug.xcconfig */ = {isa = PBXFileReference; includeInIndex = 1; lastKnownFileType = text.xcconfig; name = "Pods-NationalNumber-NationalNumberUITests.debug.xcconfig"; path = "Target Support Files/Pods-NationalNumber-NationalNumberUITests/Pods-NationalNumber-NationalNumberUITests.debug.xcconfig"; sourceTree = "<group>"; };
/* End PBXFileReference section */

/* Begin PBXFrameworksBuildPhase section */
		1E7DA5DE26141D42005F7730 /* Frameworks */ = {
			isa = PBXFrameworksBuildPhase;
			buildActionMask = 2147483647;
			files = (
			);
			runOnlyForDeploymentPostprocessing = 0;
		};
		1E7DA5EF26141D42005F7730 /* Frameworks */ = {
			isa = PBXFrameworksBuildPhase;
			buildActionMask = 2147483647;
			files = (
			);
			runOnlyForDeploymentPostprocessing = 0;
		};
		1E7DA5FA26141D42005F7730 /* Frameworks */ = {
			isa = PBXFrameworksBuildPhase;
			buildActionMask = 2147483647;
			files = (
			);
			runOnlyForDeploymentPostprocessing = 0;
		};
/* End PBXFrameworksBuildPhase section */

/* Begin PBXGroup section */
		1E7DA5D826141D42005F7730 = {
			isa = PBXGroup;
			children = (
				1E7DA5E326141D42005F7730 /* NationalNumber */,
				1E7DA5F526141D42005F7730 /* NationalNumberTests */,
				1E7DA60026141D42005F7730 /* NationalNumberUITests */,
				1E7DA5E226141D42005F7730 /* Products */,
				1F817703B7B4DA59BF83BAB6 /* Frameworks */,
				CAC86864B68546BFFC17228E /* Pods */,
			);
			sourceTree = "<group>";
		};
		1E7DA5E226141D42005F7730 /* Products */ = {
			isa = PBXGroup;
			children = (
				1E7DA5E126141D42005F7730 /* NationalNumber.app */,
				1E7DA5F226141D42005F7730 /* NationalNumberTests.xctest */,
				1E7DA5FD26141D42005F7730 /* NationalNumberUITests.xctest */,
			);
			name = Products;
			sourceTree = "<group>";
		};
		1E7DA5E326141D42005F7730 /* NationalNumber */ = {
			isa = PBXGroup;
			children = (
				1E7DA5E426141D42005F7730 /* NationalNumberApp.swift */,
				1E7DA5E626141D42005F7730 /* ContentView.swift */,
				1E7DA5E826141D42005F7730 /* Assets.xcassets */,
				1E7DA5ED26141D42005F7730 /* Info.plist */,
				1E7DA5EA26141D42005F7730 /* Preview Content */,
				1E7DA612261432A5005F7730 /* TabBarIcon.swift */,
				1E7DA61726143650005F7730 /* ViewRouter.swift */,
				1E7DA61C26180743005F7730 /* FirstAid.swift */,
				1E7DA62126180D29005F7730 /* WebView.swift */,
				1E1FB05726186E670076B9F2 /* Location.swift */,
				1EB43B90261A1AAF0002A0CF /* GoogleMapView.swift */,
				1E6E7F48261A3D82002C13C9 /* CardView.swift */,
				1EA85E472637FDA100E28A2F /* SearchBar.swift */,
			);
			path = NationalNumber;
			sourceTree = "<group>";
		};
		1E7DA5EA26141D42005F7730 /* Preview Content */ = {
			isa = PBXGroup;
			children = (
				1E7DA5EB26141D42005F7730 /* Preview Assets.xcassets */,
			);
			path = "Preview Content";
			sourceTree = "<group>";
		};
		1E7DA5F526141D42005F7730 /* NationalNumberTests */ = {
			isa = PBXGroup;
			children = (
				1E7DA5F626141D42005F7730 /* NationalNumberTests.swift */,
				1E7DA5F826141D42005F7730 /* Info.plist */,
			);
			path = NationalNumberTests;
			sourceTree = "<group>";
		};
		1E7DA60026141D42005F7730 /* NationalNumberUITests */ = {
			isa = PBXGroup;
			children = (
				1E7DA60126141D42005F7730 /* NationalNumberUITests.swift */,
				1E7DA60326141D42005F7730 /* Info.plist */,
			);
			path = NationalNumberUITests;
			sourceTree = "<group>";
		};
		1F817703B7B4DA59BF83BAB6 /* Frameworks */ = {
			isa = PBXGroup;
			children = (
			);
			name = Frameworks;
			sourceTree = "<group>";
		};
		CAC86864B68546BFFC17228E /* Pods */ = {
			isa = PBXGroup;
			children = (
				3F7145B89A0A37AF7C7864F2 /* Pods-NationalNumber.debug.xcconfig */,
				8266EB27C6272234D63DBE5F /* Pods-NationalNumber.release.xcconfig */,
				9316515E53352C2F1294F070 /* Pods-NationalNumber-NationalNumberUITests.debug.xcconfig */,
				7EEA6C421066458B3B030B38 /* Pods-NationalNumber-NationalNumberUITests.release.xcconfig */,
				70AB0E531D7967F114A5C61C /* Pods-NationalNumberTests.debug.xcconfig */,
				1E0E34E038D57FD514998D42 /* Pods-NationalNumberTests.release.xcconfig */,
			);
			path = Pods;
			sourceTree = "<group>";
		};
/* End PBXGroup section */

/* Begin PBXNativeTarget section */
		1E7DA5E026141D42005F7730 /* NationalNumber */ = {
			isa = PBXNativeTarget;
			buildConfigurationList = 1E7DA60626141D42005F7730 /* Build configuration list for PBXNativeTarget "NationalNumber" */;
			buildPhases = (
				1EC7D93102AED7AF994773CC /* [CP] Check Pods Manifest.lock */,
				1E7DA5DD26141D42005F7730 /* Sources */,
				1E7DA5DE26141D42005F7730 /* Frameworks */,
				1E7DA5DF26141D42005F7730 /* Resources */,
				B98360450EE15764744D06C5 /* [CP] Copy Pods Resources */,
			);
			buildRules = (
			);
			dependencies = (
			);
			name = NationalNumber;
			productName = NationalNumber;
			productReference = 1E7DA5E126141D42005F7730 /* NationalNumber.app */;
			productType = "com.apple.product-type.application";
		};
		1E7DA5F126141D42005F7730 /* NationalNumberTests */ = {
			isa = PBXNativeTarget;
			buildConfigurationList = 1E7DA60926141D42005F7730 /* Build configuration list for PBXNativeTarget "NationalNumberTests" */;
			buildPhases = (
				088024F9BE6D42E960F1EE5F /* [CP] Check Pods Manifest.lock */,
				1E7DA5EE26141D42005F7730 /* Sources */,
				1E7DA5EF26141D42005F7730 /* Frameworks */,
				1E7DA5F026141D42005F7730 /* Resources */,
			);
			buildRules = (
			);
			dependencies = (
				1E7DA5F426141D42005F7730 /* PBXTargetDependency */,
			);
			name = NationalNumberTests;
			productName = NationalNumberTests;
			productReference = 1E7DA5F226141D42005F7730 /* NationalNumberTests.xctest */;
			productType = "com.apple.product-type.bundle.unit-test";
		};
		1E7DA5FC26141D42005F7730 /* NationalNumberUITests */ = {
			isa = PBXNativeTarget;
			buildConfigurationList = 1E7DA60C26141D42005F7730 /* Build configuration list for PBXNativeTarget "NationalNumberUITests" */;
			buildPhases = (
				B1E624643C5F460962C45B9C /* [CP] Check Pods Manifest.lock */,
				1E7DA5F926141D42005F7730 /* Sources */,
				1E7DA5FA26141D42005F7730 /* Frameworks */,
				1E7DA5FB26141D42005F7730 /* Resources */,
				66DA022834B55387F6A05C23 /* [CP] Copy Pods Resources */,
			);
			buildRules = (
			);
			dependencies = (
				1E7DA5FF26141D42005F7730 /* PBXTargetDependency */,
			);
			name = NationalNumberUITests;
			productName = NationalNumberUITests;
			productReference = 1E7DA5FD26141D42005F7730 /* NationalNumberUITests.xctest */;
			productType = "com.apple.product-type.bundle.ui-testing";
		};
/* End PBXNativeTarget section */

/* Begin PBXProject section */
		1E7DA5D926141D42005F7730 /* Project object */ = {
			isa = PBXProject;
			attributes = {
				LastSwiftUpdateCheck = 1240;
				LastUpgradeCheck = 1240;
				TargetAttributes = {
					1E7DA5E026141D42005F7730 = {
						CreatedOnToolsVersion = 12.4;
					};
					1E7DA5F126141D42005F7730 = {
						CreatedOnToolsVersion = 12.4;
						TestTargetID = 1E7DA5E026141D42005F7730;
					};
					1E7DA5FC26141D42005F7730 = {
						CreatedOnToolsVersion = 12.4;
						TestTargetID = 1E7DA5E026141D42005F7730;
					};
				};
			};
			buildConfigurationList = 1E7DA5DC26141D42005F7730 /* Build configuration list for PBXProject "NationalNumber" */;
			compatibilityVersion = "Xcode 9.3";
			developmentRegion = en;
			hasScannedForEncodings = 0;
			knownRegions = (
				en,
				Base,
			);
			mainGroup = 1E7DA5D826141D42005F7730;
			productRefGroup = 1E7DA5E226141D42005F7730 /* Products */;
			projectDirPath = "";
			projectRoot = "";
			targets = (
				1E7DA5E026141D42005F7730 /* NationalNumber */,
				1E7DA5F126141D42005F7730 /* NationalNumberTests */,
				1E7DA5FC26141D42005F7730 /* NationalNumberUITests */,
			);
		};
/* End PBXProject section */

/* Begin PBXResourcesBuildPhase section */
		1E7DA5DF26141D42005F7730 /* Resources */ = {
			isa = PBXResourcesBuildPhase;
			buildActionMask = 2147483647;
			files = (
				1E7DA5EC26141D42005F7730 /* Preview Assets.xcassets in Resources */,
				1E7DA5E926141D42005F7730 /* Assets.xcassets in Resources */,
			);
			runOnlyForDeploymentPostprocessing = 0;
		};
		1E7DA5F026141D42005F7730 /* Resources */ = {
			isa = PBXResourcesBuildPhase;
			buildActionMask = 2147483647;
			files = (
			);
			runOnlyForDeploymentPostprocessing = 0;
		};
		1E7DA5FB26141D42005F7730 /* Resources */ = {
			isa = PBXResourcesBuildPhase;
			buildActionMask = 2147483647;
			files = (
			);
			runOnlyForDeploymentPostprocessing = 0;
		};
/* End PBXResourcesBuildPhase section */

/* Begin PBXShellScriptBuildPhase section */
		088024F9BE6D42E960F1EE5F /* [CP] Check Pods Manifest.lock */ = {
			isa = PBXShellScriptBuildPhase;
			buildActionMask = 2147483647;
			files = (
			);
			inputFileListPaths = (
			);
			inputPaths = (
				"${PODS_PODFILE_DIR_PATH}/Podfile.lock",
				"${PODS_ROOT}/Manifest.lock",
			);
			name = "[CP] Check Pods Manifest.lock";
			outputFileListPaths = (
			);
			outputPaths = (
				"$(DERIVED_FILE_DIR)/Pods-NationalNumberTests-checkManifestLockResult.txt",
			);
			runOnlyForDeploymentPostprocessing = 0;
			shellPath = /bin/sh;
			shellScript = "diff \"${PODS_PODFILE_DIR_PATH}/Podfile.lock\" \"${PODS_ROOT}/Manifest.lock\" > /dev/null\nif [ $? != 0 ] ; then\n    # print error to STDERR\n    echo \"error: The sandbox is not in sync with the Podfile.lock. Run 'pod install' or update your CocoaPods installation.\" >&2\n    exit 1\nfi\n# This output is used by Xcode 'outputs' to avoid re-running this script phase.\necho \"SUCCESS\" > \"${SCRIPT_OUTPUT_FILE_0}\"\n";
			showEnvVarsInLog = 0;
		};
		1EC7D93102AED7AF994773CC /* [CP] Check Pods Manifest.lock */ = {
			isa = PBXShellScriptBuildPhase;
			buildActionMask = 2147483647;
			files = (
			);
			inputFileListPaths = (
			);
			inputPaths = (
				"${PODS_PODFILE_DIR_PATH}/Podfile.lock",
				"${PODS_ROOT}/Manifest.lock",
			);
			name = "[CP] Check Pods Manifest.lock";
			outputFileListPaths = (
			);
			outputPaths = (
				"$(DERIVED_FILE_DIR)/Pods-NationalNumber-checkManifestLockResult.txt",
			);
			runOnlyForDeploymentPostprocessing = 0;
			shellPath = /bin/sh;
			shellScript = "diff \"${PODS_PODFILE_DIR_PATH}/Podfile.lock\" \"${PODS_ROOT}/Manifest.lock\" > /dev/null\nif [ $? != 0 ] ; then\n    # print error to STDERR\n    echo \"error: The sandbox is not in sync with the Podfile.lock. Run 'pod install' or update your CocoaPods installation.\" >&2\n    exit 1\nfi\n# This output is used by Xcode 'outputs' to avoid re-running this script phase.\necho \"SUCCESS\" > \"${SCRIPT_OUTPUT_FILE_0}\"\n";
			showEnvVarsInLog = 0;
		};
		66DA022834B55387F6A05C23 /* [CP] Copy Pods Resources */ = {
			isa = PBXShellScriptBuildPhase;
			buildActionMask = 2147483647;
			files = (
			);
			inputFileListPaths = (
				"${PODS_ROOT}/Target Support Files/Pods-NationalNumber-NationalNumberUITests/Pods-NationalNumber-NationalNumberUITests-resources-${CONFIGURATION}-input-files.xcfilelist",
			);
			name = "[CP] Copy Pods Resources";
			outputFileListPaths = (
				"${PODS_ROOT}/Target Support Files/Pods-NationalNumber-NationalNumberUITests/Pods-NationalNumber-NationalNumberUITests-resources-${CONFIGURATION}-output-files.xcfilelist",
			);
			runOnlyForDeploymentPostprocessing = 0;
			shellPath = /bin/sh;
			shellScript = "\"${PODS_ROOT}/Target Support Files/Pods-NationalNumber-NationalNumberUITests/Pods-NationalNumber-NationalNumberUITests-resources.sh\"\n";
			showEnvVarsInLog = 0;
		};
		B1E624643C5F460962C45B9C /* [CP] Check Pods Manifest.lock */ = {
			isa = PBXShellScriptBuildPhase;
			buildActionMask = 2147483647;
			files = (
			);
			inputFileListPaths = (
			);
			inputPaths = (
				"${PODS_PODFILE_DIR_PATH}/Podfile.lock",
				"${PODS_ROOT}/Manifest.lock",
			);
			name = "[CP] Check Pods Manifest.lock";
			outputFileListPaths = (
			);
			outputPaths = (
				"$(DERIVED_FILE_DIR)/Pods-NationalNumber-NationalNumberUITests-checkManifestLockResult.txt",
			);
			runOnlyForDeploymentPostprocessing = 0;
			shellPath = /bin/sh;
			shellScript = "diff \"${PODS_PODFILE_DIR_PATH}/Podfile.lock\" \"${PODS_ROOT}/Manifest.lock\" > /dev/null\nif [ $? != 0 ] ; then\n    # print error to STDERR\n    echo \"error: The sandbox is not in sync with the Podfile.lock. Run 'pod install' or update your CocoaPods installation.\" >&2\n    exit 1\nfi\n# This output is used by Xcode 'outputs' to avoid re-running this script phase.\necho \"SUCCESS\" > \"${SCRIPT_OUTPUT_FILE_0}\"\n";
			showEnvVarsInLog = 0;
		};
		B98360450EE15764744D06C5 /* [CP] Copy Pods Resources */ = {
			isa = PBXShellScriptBuildPhase;
			buildActionMask = 2147483647;
			files = (
			);
			inputFileListPaths = (
				"${PODS_ROOT}/Target Support Files/Pods-NationalNumber/Pods-NationalNumber-resources-${CONFIGURATION}-input-files.xcfilelist",
			);
			name = "[CP] Copy Pods Resources";
			outputFileListPaths = (
				"${PODS_ROOT}/Target Support Files/Pods-NationalNumber/Pods-NationalNumber-resources-${CONFIGURATION}-output-files.xcfilelist",
			);
			runOnlyForDeploymentPostprocessing = 0;
			shellPath = /bin/sh;
			shellScript = "\"${PODS_ROOT}/Target Support Files/Pods-NationalNumber/Pods-NationalNumber-resources.sh\"\n";
			showEnvVarsInLog = 0;
		};
/* End PBXShellScriptBuildPhase section */

/* Begin PBXSourcesBuildPhase section */
		1E7DA5DD26141D42005F7730 /* Sources */ = {
			isa = PBXSourcesBuildPhase;
			buildActionMask = 2147483647;
			files = (
				1E7DA613261432A5005F7730 /* TabBarIcon.swift in Sources */,
				1E7DA5E726141D42005F7730 /* ContentView.swift in Sources */,
				1E7DA5E526141D42005F7730 /* NationalNumberApp.swift in Sources */,
				1E7DA62226180D29005F7730 /* WebView.swift in Sources */,
				1E6E7F49261A3D82002C13C9 /* CardView.swift in Sources */,
				1EB43B91261A1AAF0002A0CF /* GoogleMapView.swift in Sources */,
				1E7DA61D26180743005F7730 /* FirstAid.swift in Sources */,
				1EA85E482637FDA100E28A2F /* SearchBar.swift in Sources */,
				1E7DA61826143650005F7730 /* ViewRouter.swift in Sources */,
				1E1FB05826186E670076B9F2 /* Location.swift in Sources */,
			);
			runOnlyForDeploymentPostprocessing = 0;
		};
		1E7DA5EE26141D42005F7730 /* Sources */ = {
			isa = PBXSourcesBuildPhase;
			buildActionMask = 2147483647;
			files = (
				1E7DA5F726141D42005F7730 /* NationalNumberTests.swift in Sources */,
			);
			runOnlyForDeploymentPostprocessing = 0;
		};
		1E7DA5F926141D42005F7730 /* Sources */ = {
			isa = PBXSourcesBuildPhase;
			buildActionMask = 2147483647;
			files = (
				1E7DA60226141D42005F7730 /* NationalNumberUITests.swift in Sources */,
			);
			runOnlyForDeploymentPostprocessing = 0;
		};
/* End PBXSourcesBuildPhase section */

/* Begin PBXTargetDependency section */
		1E7DA5F426141D42005F7730 /* PBXTargetDependency */ = {
			isa = PBXTargetDependency;
			target = 1E7DA5E026141D42005F7730 /* NationalNumber */;
			targetProxy = 1E7DA5F326141D42005F7730 /* PBXContainerItemProxy */;
		};
		1E7DA5FF26141D42005F7730 /* PBXTargetDependency */ = {
			isa = PBXTargetDependency;
			target = 1E7DA5E026141D42005F7730 /* NationalNumber */;
			targetProxy = 1E7DA5FE26141D42005F7730 /* PBXContainerItemProxy */;
		};
/* End PBXTargetDependency section */

/* Begin XCBuildConfiguration section */
		1E7DA60426141D42005F7730 /* Debug */ = {
			isa = XCBuildConfiguration;
			buildSettings = {
				ALWAYS_SEARCH_USER_PATHS = NO;
				CLANG_ANALYZER_NONNULL = YES;
				CLANG_ANALYZER_NUMBER_OBJECT_CONVERSION = YES_AGGRESSIVE;
				CLANG_CXX_LANGUAGE_STANDARD = "gnu++14";
				CLANG_CXX_LIBRARY = "libc++";
				CLANG_ENABLE_MODULES = YES;
				CLANG_ENABLE_OBJC_ARC = YES;
				CLANG_ENABLE_OBJC_WEAK = YES;
				CLANG_WARN_BLOCK_CAPTURE_AUTORELEASING = YES;
				CLANG_WARN_BOOL_CONVERSION = YES;
				CLANG_WARN_COMMA = YES;
				CLANG_WARN_CONSTANT_CONVERSION = YES;
				CLANG_WARN_DEPRECATED_OBJC_IMPLEMENTATIONS = YES;
				CLANG_WARN_DIRECT_OBJC_ISA_USAGE = YES_ERROR;
				CLANG_WARN_DOCUMENTATION_COMMENTS = YES;
				CLANG_WARN_EMPTY_BODY = YES;
				CLANG_WARN_ENUM_CONVERSION = YES;
				CLANG_WARN_INFINITE_RECURSION = YES;
				CLANG_WARN_INT_CONVERSION = YES;
				CLANG_WARN_NON_LITERAL_NULL_CONVERSION = YES;
				CLANG_WARN_OBJC_IMPLICIT_RETAIN_SELF = YES;
				CLANG_WARN_OBJC_LITERAL_CONVERSION = YES;
				CLANG_WARN_OBJC_ROOT_CLASS = YES_ERROR;
				CLANG_WARN_QUOTED_INCLUDE_IN_FRAMEWORK_HEADER = YES;
				CLANG_WARN_RANGE_LOOP_ANALYSIS = YES;
				CLANG_WARN_STRICT_PROTOTYPES = YES;
				CLANG_WARN_SUSPICIOUS_MOVE = YES;
				CLANG_WARN_UNGUARDED_AVAILABILITY = YES_AGGRESSIVE;
				CLANG_WARN_UNREACHABLE_CODE = YES;
				CLANG_WARN__DUPLICATE_METHOD_MATCH = YES;
				COPY_PHASE_STRIP = NO;
				DEBUG_INFORMATION_FORMAT = dwarf;
				ENABLE_STRICT_OBJC_MSGSEND = YES;
				ENABLE_TESTABILITY = YES;
				"EXCLUDED_ARCHS[sdk=iphonesimulator*]" = arm64;
				GCC_C_LANGUAGE_STANDARD = gnu11;
				GCC_DYNAMIC_NO_PIC = NO;
				GCC_NO_COMMON_BLOCKS = YES;
				GCC_OPTIMIZATION_LEVEL = 0;
				GCC_PREPROCESSOR_DEFINITIONS = (
					"DEBUG=1",
					"$(inherited)",
				);
				GCC_WARN_64_TO_32_BIT_CONVERSION = YES;
				GCC_WARN_ABOUT_RETURN_TYPE = YES_ERROR;
				GCC_WARN_UNDECLARED_SELECTOR = YES;
				GCC_WARN_UNINITIALIZED_AUTOS = YES_AGGRESSIVE;
				GCC_WARN_UNUSED_FUNCTION = YES;
				GCC_WARN_UNUSED_VARIABLE = YES;
				IPHONEOS_DEPLOYMENT_TARGET = 14.4;
				MTL_ENABLE_DEBUG_INFO = INCLUDE_SOURCE;
				MTL_FAST_MATH = YES;
				ONLY_ACTIVE_ARCH = YES;
				SDKROOT = iphoneos;
				SWIFT_ACTIVE_COMPILATION_CONDITIONS = DEBUG;
				SWIFT_OPTIMIZATION_LEVEL = "-Onone";
			};
			name = Debug;
		};
		1E7DA60526141D42005F7730 /* Release */ = {
			isa = XCBuildConfiguration;
			buildSettings = {
				ALWAYS_SEARCH_USER_PATHS = NO;
				CLANG_ANALYZER_NONNULL = YES;
				CLANG_ANALYZER_NUMBER_OBJECT_CONVERSION = YES_AGGRESSIVE;
				CLANG_CXX_LANGUAGE_STANDARD = "gnu++14";
				CLANG_CXX_LIBRARY = "libc++";
				CLANG_ENABLE_MODULES = YES;
				CLANG_ENABLE_OBJC_ARC = YES;
				CLANG_ENABLE_OBJC_WEAK = YES;
				CLANG_WARN_BLOCK_CAPTURE_AUTORELEASING = YES;
				CLANG_WARN_BOOL_CONVERSION = YES;
				CLANG_WARN_COMMA = YES;
				CLANG_WARN_CONSTANT_CONVERSION = YES;
				CLANG_WARN_DEPRECATED_OBJC_IMPLEMENTATIONS = YES;
				CLANG_WARN_DIRECT_OBJC_ISA_USAGE = YES_ERROR;
				CLANG_WARN_DOCUMENTATION_COMMENTS = YES;
				CLANG_WARN_EMPTY_BODY = YES;
				CLANG_WARN_ENUM_CONVERSION = YES;
				CLANG_WARN_INFINITE_RECURSION = YES;
				CLANG_WARN_INT_CONVERSION = YES;
				CLANG_WARN_NON_LITERAL_NULL_CONVERSION = YES;
				CLANG_WARN_OBJC_IMPLICIT_RETAIN_SELF = YES;
				CLANG_WARN_OBJC_LITERAL_CONVERSION = YES;
				CLANG_WARN_OBJC_ROOT_CLASS = YES_ERROR;
				CLANG_WARN_QUOTED_INCLUDE_IN_FRAMEWORK_HEADER = YES;
				CLANG_WARN_RANGE_LOOP_ANALYSIS = YES;
				CLANG_WARN_STRICT_PROTOTYPES = YES;
				CLANG_WARN_SUSPICIOUS_MOVE = YES;
				CLANG_WARN_UNGUARDED_AVAILABILITY = YES_AGGRESSIVE;
				CLANG_WARN_UNREACHABLE_CODE = YES;
				CLANG_WARN__DUPLICATE_METHOD_MATCH = YES;
				COPY_PHASE_STRIP = NO;
				DEBUG_INFORMATION_FORMAT = "dwarf-with-dsym";
				ENABLE_NS_ASSERTIONS = NO;
				ENABLE_STRICT_OBJC_MSGSEND = YES;
				GCC_C_LANGUAGE_STANDARD = gnu11;
				GCC_NO_COMMON_BLOCKS = YES;
				GCC_WARN_64_TO_32_BIT_CONVERSION = YES;
				GCC_WARN_ABOUT_RETURN_TYPE = YES_ERROR;
				GCC_WARN_UNDECLARED_SELECTOR = YES;
				GCC_WARN_UNINITIALIZED_AUTOS = YES_AGGRESSIVE;
				GCC_WARN_UNUSED_FUNCTION = YES;
				GCC_WARN_UNUSED_VARIABLE = YES;
				IPHONEOS_DEPLOYMENT_TARGET = 14.4;
				MTL_ENABLE_DEBUG_INFO = NO;
				MTL_FAST_MATH = YES;
				SDKROOT = iphoneos;
				SWIFT_COMPILATION_MODE = wholemodule;
				SWIFT_OPTIMIZATION_LEVEL = "-O";
				VALIDATE_PRODUCT = YES;
			};
			name = Release;
		};
		1E7DA60726141D42005F7730 /* Debug */ = {
			isa = XCBuildConfiguration;
			baseConfigurationReference = 3F7145B89A0A37AF7C7864F2 /* Pods-NationalNumber.debug.xcconfig */;
			buildSettings = {
				ASSETCATALOG_COMPILER_APPICON_NAME = AppIcon;
				ASSETCATALOG_COMPILER_GLOBAL_ACCENT_COLOR_NAME = AccentColor;
				CODE_SIGN_STYLE = Automatic;
				DEVELOPMENT_ASSET_PATHS = "\"NationalNumber/Preview Content\"";
				ENABLE_PREVIEWS = YES;
				INFOPLIST_FILE = NationalNumber/Info.plist;
				IPHONEOS_DEPLOYMENT_TARGET = 14.0;
				LD_RUNPATH_SEARCH_PATHS = (
					"$(inherited)",
					"@executable_path/Frameworks",
				);
				PRODUCT_BUNDLE_IDENTIFIER = ummjevel.NationalNumber;
				PRODUCT_NAME = "$(TARGET_NAME)";
				SWIFT_VERSION = 5.0;
				TARGETED_DEVICE_FAMILY = "1,2";
			};
			name = Debug;
		};
		1E7DA60826141D42005F7730 /* Release */ = {
			isa = XCBuildConfiguration;
			baseConfigurationReference = 8266EB27C6272234D63DBE5F /* Pods-NationalNumber.release.xcconfig */;
			buildSettings = {
				ASSETCATALOG_COMPILER_APPICON_NAME = AppIcon;
				ASSETCATALOG_COMPILER_GLOBAL_ACCENT_COLOR_NAME = AccentColor;
				CODE_SIGN_STYLE = Automatic;
				DEVELOPMENT_ASSET_PATHS = "\"NationalNumber/Preview Content\"";
				ENABLE_PREVIEWS = YES;
				INFOPLIST_FILE = NationalNumber/Info.plist;
				IPHONEOS_DEPLOYMENT_TARGET = 14.0;
				LD_RUNPATH_SEARCH_PATHS = (
					"$(inherited)",
					"@executable_path/Frameworks",
				);
				PRODUCT_BUNDLE_IDENTIFIER = ummjevel.NationalNumber;
				PRODUCT_NAME = "$(TARGET_NAME)";
				SWIFT_VERSION = 5.0;
				TARGETED_DEVICE_FAMILY = "1,2";
			};
			name = Release;
		};
		1E7DA60A26141D42005F7730 /* Debug */ = {
			isa = XCBuildConfiguration;
			baseConfigurationReference = 70AB0E531D7967F114A5C61C /* Pods-NationalNumberTests.debug.xcconfig */;
			buildSettings = {
				ALWAYS_EMBED_SWIFT_STANDARD_LIBRARIES = YES;
				BUNDLE_LOADER = "$(TEST_HOST)";
				CODE_SIGN_STYLE = Automatic;
				INFOPLIST_FILE = NationalNumberTests/Info.plist;
				IPHONEOS_DEPLOYMENT_TARGET = 14.0;
				LD_RUNPATH_SEARCH_PATHS = (
					"$(inherited)",
					"@executable_path/Frameworks",
					"@loader_path/Frameworks",
				);
				PRODUCT_BUNDLE_IDENTIFIER = ummjevel.NationalNumberTests;
				PRODUCT_NAME = "$(TARGET_NAME)";
				SWIFT_VERSION = 5.0;
				TARGETED_DEVICE_FAMILY = "1,2";
				TEST_HOST = "$(BUILT_PRODUCTS_DIR)/NationalNumber.app/NationalNumber";
			};
			name = Debug;
		};
		1E7DA60B26141D42005F7730 /* Release */ = {
			isa = XCBuildConfiguration;
			baseConfigurationReference = 1E0E34E038D57FD514998D42 /* Pods-NationalNumberTests.release.xcconfig */;
			buildSettings = {
				ALWAYS_EMBED_SWIFT_STANDARD_LIBRARIES = YES;
				BUNDLE_LOADER = "$(TEST_HOST)";
				CODE_SIGN_STYLE = Automatic;
				INFOPLIST_FILE = NationalNumberTests/Info.plist;
				IPHONEOS_DEPLOYMENT_TARGET = 14.0;
				LD_RUNPATH_SEARCH_PATHS = (
					"$(inherited)",
					"@executable_path/Frameworks",
					"@loader_path/Frameworks",
				);
				PRODUCT_BUNDLE_IDENTIFIER = ummjevel.NationalNumberTests;
				PRODUCT_NAME = "$(TARGET_NAME)";
				SWIFT_VERSION = 5.0;
				TARGETED_DEVICE_FAMILY = "1,2";
				TEST_HOST = "$(BUILT_PRODUCTS_DIR)/NationalNumber.app/NationalNumber";
			};
			name = Release;
		};
		1E7DA60D26141D42005F7730 /* Debug */ = {
			isa = XCBuildConfiguration;
			baseConfigurationReference = 9316515E53352C2F1294F070 /* Pods-NationalNumber-NationalNumberUITests.debug.xcconfig */;
			buildSettings = {
				ALWAYS_EMBED_SWIFT_STANDARD_LIBRARIES = YES;
				CODE_SIGN_STYLE = Automatic;
				INFOPLIST_FILE = NationalNumberUITests/Info.plist;
				LD_RUNPATH_SEARCH_PATHS = (
					"$(inherited)",
					"@executable_path/Frameworks",
					"@loader_path/Frameworks",
				);
				PRODUCT_BUNDLE_IDENTIFIER = ummjevel.NationalNumberUITests;
				PRODUCT_NAME = "$(TARGET_NAME)";
				SWIFT_VERSION = 5.0;
				TARGETED_DEVICE_FAMILY = "1,2";
				TEST_TARGET_NAME = NationalNumber;
			};
			name = Debug;
		};
		1E7DA60E26141D42005F7730 /* Release */ = {
			isa = XCBuildConfiguration;
			baseConfigurationReference = 7EEA6C421066458B3B030B38 /* Pods-NationalNumber-NationalNumberUITests.release.xcconfig */;
			buildSettings = {
				ALWAYS_EMBED_SWIFT_STANDARD_LIBRARIES = YES;
				CODE_SIGN_STYLE = Automatic;
				INFOPLIST_FILE = NationalNumberUITests/Info.plist;
				LD_RUNPATH_SEARCH_PATHS = (
					"$(inherited)",
					"@executable_path/Frameworks",
					"@loader_path/Frameworks",
				);
				PRODUCT_BUNDLE_IDENTIFIER = ummjevel.NationalNumberUITests;
				PRODUCT_NAME = "$(TARGET_NAME)";
				SWIFT_VERSION = 5.0;
				TARGETED_DEVICE_FAMILY = "1,2";
				TEST_TARGET_NAME = NationalNumber;
			};
			name = Release;
		};
/* End XCBuildConfiguration section */

/* Begin XCConfigurationList section */
		1E7DA5DC26141D42005F7730 /* Build configuration list for PBXProject "NationalNumber" */ = {
			isa = XCConfigurationList;
			buildConfigurations = (
				1E7DA60426141D42005F7730 /* Debug */,
				1E7DA60526141D42005F7730 /* Release */,
			);
			defaultConfigurationIsVisible = 0;
			defaultConfigurationName = Release;
		};
		1E7DA60626141D42005F7730 /* Build configuration list for PBXNativeTarget "NationalNumber" */ = {
			isa = XCConfigurationList;
			buildConfigurations = (
				1E7DA60726141D42005F7730 /* Debug */,
				1E7DA60826141D42005F7730 /* Release */,
			);
			defaultConfigurationIsVisible = 0;
			defaultConfigurationName = Release;
		};
		1E7DA60926141D42005F7730 /* Build configuration list for PBXNativeTarget "NationalNumberTests" */ = {
			isa = XCConfigurationList;
			buildConfigurations = (
				1E7DA60A26141D42005F7730 /* Debug */,
				1E7DA60B26141D42005F7730 /* Release */,
			);
			defaultConfigurationIsVisible = 0;
			defaultConfigurationName = Release;
		};
		1E7DA60C26141D42005F7730 /* Build configuration list for PBXNativeTarget "NationalNumberUITests" */ = {
			isa = XCConfigurationList;
			buildConfigurations = (
				1E7DA60D26141D42005F7730 /* Debug */,
				1E7DA60E26141D42005F7730 /* Release */,
			);
			defaultConfigurationIsVisible = 0;
			defaultConfigurationName = Release;
		};
/* End XCConfigurationList section */
	};
	rootObject = 1E7DA5D926141D42005F7730 /* Project object */;
}
